
Microsoft Visual Studio Solution File, Format Version 12.00
# Visual Studio Version 17
VisualStudioVersion = 17.3.32819.101
MinimumVisualStudioVersion = 10.0.40219.1
Project("{9A19103F-16F7-4668-BE54-9A1E7A4F7556}") = "ToursApi", "ToursApi\ToursApi.csproj", "{4C309297-D7C9-441E-BA45-64D47CF11474}"
EndProject
Project("{FAE04EC0-301F-11D3-BF4B-00C04F79EFBC}") = "RepositoryPatternWithUintOfWork.Core", "RepositoryPatternWithUintOfWork.Core\RepositoryPatternWithUintOfWork.Core.csproj", "{1CE09D23-BF8A-4D95-9D8F-4F66D646156E}"
EndProject
Project("{FAE04EC0-301F-11D3-BF4B-00C04F79EFBC}") = "RepositoryPatternWithUintOfWork.EF", "RepositoryPatternWithUintOfWork.EF\RepositoryPatternWithUintOfWork.EF.csproj", "{145002B4-C78A-4234-9AD5-18274A03F097}"
EndProject
Global
	GlobalSection(SolutionConfigurationPlatforms) = preSolution
		Debug|Any CPU = Debug|Any CPU
		Release|Any CPU = Release|Any CPU
	EndGlobalSection
	GlobalSection(ProjectConfigurationPlatforms) = postSolution
		{4C309297-D7C9-441E-BA45-64D47CF11474}.Debug|Any CPU.ActiveCfg = Debug|Any CPU
		{4C309297-D7C9-441E-BA45-64D47CF11474}.Debug|Any CPU.Build.0 = Debug|Any CPU
		{4C309297-D7C9-441E-BA45-64D47CF11474}.Release|Any CPU.ActiveCfg = Release|Any CPU
		{4C309297-D7C9-441E-BA45-64D47CF11474}.Release|Any CPU.Build.0 = Release|Any CPU
		{1CE09D23-BF8A-4D95-9D8F-4F66D646156E}.Debug|Any CPU.ActiveCfg = Debug|Any CPU
		{1CE09D23-BF8A-4D95-9D8F-4F66D646156E}.Debug|Any CPU.Build.0 = Debug|Any CPU
		{1CE09D23-BF8A-4D95-9D8F-4F66D646156E}.Release|Any CPU.ActiveCfg = Release|Any CPU
		{1CE09D23-BF8A-4D95-9D8F-4F66D646156E}.Release|Any CPU.Build.0 = Release|Any CPU
		{145002B4-C78A-4234-9AD5-18274A03F097}.Debug|Any CPU.ActiveCfg = Debug|Any CPU
		{145002B4-C78A-4234-9AD5-18274A03F097}.Debug|Any CPU.Build.0 = Debug|Any CPU
		{145002B4-C78A-4234-9AD5-18274A03F097}.Release|Any CPU.ActiveCfg = Release|Any CPU
		{145002B4-C78A-4234-9AD5-18274A03F097}.Release|Any CPU.Build.0 = Release|Any CPU
	EndGlobalSection
	GlobalSection(SolutionProperties) = preSolution
		HideSolutionNode = FALSE
	EndGlobalSection
	GlobalSection(ExtensibilityGlobals) = postSolution
		SolutionGuid = {88AC4429-F02D-4A7C-8C1F-E5E2E142AB3F}
	EndGlobalSection
EndGlobal
